{
  "object": {
    "pins": [
      {
        "package": "swift-atomics",
        "repositoryURL": "https://github.com/apple/swift-atomics.git",
        "state": {
          "branch": null,
          "revision": "cd142fd2f64be2100422d658e7411e39489da985",
          "version": "1.2.0"
        }
      },
      {
        "package": "swift-collections",
        "repositoryURL": "https://github.com/apple/swift-collections.git",
        "state": {
          "branch": null,
          "revision": "a902f1823a7ff3c9ab2fba0f992396b948eda307",
          "version": "1.0.5"
        }
      },
      {
        "package": "swift-crypto",
        "repositoryURL": "https://github.com/apple/swift-crypto.git",
        "state": {
          "branch": null,
          "revision": "d9825fa541df64b1a7b182178d61b9a82730d01f",
          "version": "2.1.0"
        }
      },
      {
        "package": "swift-nio",
        "repositoryURL": "https://github.com/apple/swift-nio.git",
        "state": {
          "branch": null,
          "revision": "54c85cb26308b89846d4671f23954dce088da2b0",
          "version": "2.60.0"
        }
      }
    ]
  },
  "version": 1
}
