{
  "object": {
    "pins": [
      {
        "package": "swift-crypto",
        "repositoryURL": "https://github.com/apple/swift-crypto.git",
        "state": {
          "branch": null,
          "revision": "3bea268b223651c4ab7b7b9ad62ef9b2d4143eb6",
          "version": "1.1.6"
        }
      },
      {
        "package": "swift-nio",
        "repositoryURL": "https://github.com/apple/swift-nio.git",
        "state": {
          "branch": null,
          "revision": "94f41c4121a82fae5c7b1cb03e630e9f9e5e20f1",
          "version": "2.32.1"
        }
      }
    ]
  },
  "version": 1
}
